
Microsoft Visual Studio Solution File, Format Version 12.00
# Visual Studio Version 17
VisualStudioVersion = 17.13.35818.85 d17.13
MinimumVisualStudioVersion = 10.0.40219.1
Project("{FAE04EC0-301F-11D3-BF4B-00C04F79EFBC}") = "SolviaCopyFilesAtLogon", "SolviaCopyFilesAtLogon\SolviaCopyFilesAtLogon.csproj", "{0187FD9B-E374-4F83-A58B-588D5CACBD26}"
EndProject
Global
	GlobalSection(SolutionConfigurationPlatforms) = preSolution
		Debug|Any CPU = Debug|Any CPU
		Release|Any CPU = Release|Any CPU
	EndGlobalSection
	GlobalSection(ProjectConfigurationPlatforms) = postSolution
		{0187FD9B-E374-4F83-A58B-588D5CACBD26}.Debug|Any CPU.ActiveCfg = Debug|Any CPU
		{0187FD9B-E374-4F83-A58B-588D5CACBD26}.Debug|Any CPU.Build.0 = Debug|Any CPU
		{0187FD9B-E374-4F83-A58B-588D5CACBD26}.Release|Any CPU.ActiveCfg = Release|Any CPU
		{0187FD9B-E374-4F83-A58B-588D5CACBD26}.Release|Any CPU.Build.0 = Release|Any CPU
	EndGlobalSection
	GlobalSection(SolutionProperties) = preSolution
		HideSolutionNode = FALSE
	EndGlobalSection
	GlobalSection(ExtensibilityGlobals) = postSolution
		SolutionGuid = {E98F6010-4E33-44D7-80AD-DBB25A4CEC17}
	EndGlobalSection
EndGlobal
